
Microsoft Visual Studio Solution File, Format Version 12.00
# Visual Studio Version 16
VisualStudioVersion = 25.0.1704.2
MinimumVisualStudioVersion = 10.0.40219.1
Project("{FAE04EC0-301F-11D3-BF4B-00C04F79EFBC}") = "EmailMethod", "EmailMethod.csproj", "{C5E6D299-9F79-4ECD-9C2D-E8E0F6D5BC9F}"
EndProject
Global
	GlobalSection(SolutionConfigurationPlatforms) = preSolution
		Debug|Any CPU = Debug|Any CPU
		Release|Any CPU = Release|Any CPU
	EndGlobalSection
	GlobalSection(ProjectConfigurationPlatforms) = postSolution
		{C5E6D299-9F79-4ECD-9C2D-E8E0F6D5BC9F}.Debug|Any CPU.ActiveCfg = Debug|Any CPU
		{C5E6D299-9F79-4ECD-9C2D-E8E0F6D5BC9F}.Debug|Any CPU.Build.0 = Debug|Any CPU
		{C5E6D299-9F79-4ECD-9C2D-E8E0F6D5BC9F}.Release|Any CPU.ActiveCfg = Release|Any CPU
		{C5E6D299-9F79-4ECD-9C2D-E8E0F6D5BC9F}.Release|Any CPU.Build.0 = Release|Any CPU
	EndGlobalSection
	GlobalSection(SolutionProperties) = preSolution
		HideSolutionNode = FALSE
	EndGlobalSection
	GlobalSection(ExtensibilityGlobals) = postSolution
		SolutionGuid = {4C0488D3-BD24-4C2D-9189-9CC49D2C8E32}
	EndGlobalSection
EndGlobal
